# This file is autogenerated, do not edit; changes may be undone by the next 'dep ensure'.


[[projects]]
  branch = "master"
  name = "github.com/bmizerany/assert"
  packages = ["."]
  revision = "b7ed37b82869576c289d7d97fb2bbd8b64a0cb28"

[[projects]]
  name = "github.com/fatih/color"
  packages = ["."]
  revision = "507f6050b8568533fb3f5504de8e5205fa62a114"
  version = "v1.6.0"

[[projects]]
  branch = "master"
  name = "github.com/kr/pretty"
  packages = ["."]
  revision = "cfb55aafdaf3ec08f0db22699ab822c50091b1c4"

[[projects]]
  branch = "master"
  name = "github.com/kr/text"
  packages = ["."]
  revision = "7cafcd837844e784b526369c9bce262804aebc60"

[[projects]]
  name = "github.com/mattn/go-colorable"
  packages = ["."]
  revision = "167de6bfdfba052fa6b2d3664c8f5272e23c9072"
  version = "v0.0.9"

[[projects]]
  name = "github.com/mattn/go-isatty"
  packages = ["."]
  revision = "0360b2af4f38e8d38c7fce2a9f4e702702d73a39"
  version = "v0.0.3"

[[projects]]
  branch = "master"
  name = "github.com/segmentio/backo-go"
  packages = ["."]
  revision = "204274ad699c0983a70203a566887f17a717fef4"

[[projects]]
  name = "github.com/tj/docopt"
  packages = ["."]
  revision = "c8470e45692f168e8b380c5d625327e756d7d0a9"
  version = "v1.0.0"

[[projects]]
  branch = "master"
  name = "github.com/xtgo/uuid"
  packages = ["."]
  revision = "a0b114877d4caeffbd7f87e3757c17fce570fea7"

[[projects]]
  branch = "master"
  name = "golang.org/x/sys"
  packages = ["unix"]
  revision = "2f57af4873d00d535c5c9028850aa2152e6a5566"

[[projects]]
  name = "gopkg.in/segmentio/analytics-go.v3"
  packages = ["."]
  revision = "1178b964a36694a8f9c161b19e6fe28cb37e8482"
  version = "3.0.0"

[[projects]]
  name = "gopkg.in/yaml.v2"
  packages = ["."]
  revision = "5420a8b6744d3b0345ab293f6fcba19c978f1183"
  version = "v2.2.1"

[solve-meta]
  analyzer-name = "dep"
  analyzer-version = 1
  inputs-digest = "86efe1285a6c5d75b16ae4a4cda64b897cf3ffbc768064cef92b6bc075f910b2"
  solver-name = "gps-cdcl"
  solver-version = 1
